filippo.io/edwards25519 v1.1.0 h1:FNf4tywRC1HmFuKW5xopWpigGjJKiJSV0Cqo0cJWDaA=
filippo.io/edwards25519 v1.1.0/go.mod h1:BxyFTGdWcka3PhytdK4V28tE5sGfRvvvRV7EaN4VDT4=
github.com/davecgh/go-spew v1.1.1 h1:vj9j/u1bqnvCEfJOwUhtlOARqs3+rkHYY13jYWTU97c=
github.com/davecgh/go-spew v1.1.1/go.mod h1:J7Y8YcW2NihsgmVo/mv3lAwl/skON4iLHjSsI+c5H38=
github.com/fwew/fwew-lib/v5 v5.24.1 h1:Tk/RDKIdl9rhFK8/dH2nWiUu29pEiLc6oWYVw6KcurU=
github.com/fwew/fwew-lib/v5 v5.24.1/go.mod h1:L6z1myjiD9F2M25GgrXaOIfCn+1FsywG1W3AhZt+bOg=
github.com/fwew/fwew-lib/v5 v5.24.2 h1:uD1JedO7pLa08mbOitNR0+JJuWfTDxNk+K3TJAnuKiI=
github.com/fwew/fwew-lib/v5 v5.24.2/go.mod h1:L6z1myjiD9F2M25GgrXaOIfCn+1FsywG1W3AhZt+bOg=
github.com/fwew/fwew-lib/v5 v5.25.1 h1:j2BFCGC5C5g+TXwXCvCF+y1gLGfZHYyoLeoXOtYrf40=
github.com/fwew/fwew-lib/v5 v5.25.1/go.mod h1:L6z1myjiD9F2M25GgrXaOIfCn+1FsywG1W3AhZt+bOg=
github.com/fwew/fwew-lib/v5 v5.25.5 h1:XEQr1KnudGjlL8GOy/QtLhGcSjquOylK4NmL2e8Xc3w=
github.com/fwew/fwew-lib/v5 v5.25.5/go.mod h1:L6z1myjiD9F2M25GgrXaOIfCn+1FsywG1W3AhZt+bOg=
github.com/gissleh/litxap v1.4.6 h1:BWdYc4VE+PFoVZgjAJwP4WEOA279CqF5NlENUIUmPqg=
github.com/gissleh/litxap v1.4.6/go.mod h1:MQm+GZW5MQSxjfKu4ad/62e/W08rL3whmRQFVXlTioY=
github.com/gissleh/litxap v1.4.7 h1:ZI2amMWevfSF+QX1oXfXL8ygUofZtoPf/G6jiKaT0ag=
github.com/gissleh/litxap v1.4.7/go.mod h1:MQm+GZW5MQSxjfKu4ad/62e/W08rL3whmRQFVXlTioY=
github.com/gissleh/litxap v1.5.0 h1:dXjKBApVL2lepthaiTAs2b9VjMIlKrQS2MGdcs9RwlI=
github.com/gissleh/litxap v1.5.0/go.mod h1:MQm+GZW5MQSxjfKu4ad/62e/W08rL3whmRQFVXlTioY=
github.com/gissleh/litxap v1.5.1 h1:Ex3e5rBg5Z9l9kWarnO+bHvohwqOrIJwIik0Mg3FNEU=
github.com/gissleh/litxap v1.5.1/go.mod h1:MQm+GZW5MQSxjfKu4ad/62e/W08rL3whmRQFVXlTioY=
github.com/gissleh/litxap v1.6.0 h1:2wlXIpdYGJCMefw1glx5N7qsyLJFtooVU4x0OPLi+yk=
github.com/gissleh/litxap v1.6.0/go.mod h1:MQm+GZW5MQSxjfKu4ad/62e/W08rL3whmRQFVXlTioY=
github.com/gissleh/litxap v1.6.1 h1:AV5c4mLFKc1lo1dn3m857VNWQktc0MH6tSq46898skc=
github.com/gissleh/litxap v1.6.1/go.mod h1:MQm+GZW5MQSxjfKu4ad/62e/W08rL3whmRQFVXlTioY=
github.com/gissleh/litxap v1.7.0 h1:iUlRTglClYOnVF47fnO6twY8ToDzO68RsZRLTu6xuag=
github.com/gissleh/litxap v1.7.0/go.mod h1:MQm+GZW5MQSxjfKu4ad/62e/W08rL3whmRQFVXlTioY=
github.com/gissleh/litxap v1.7.1 h1:L8kCj8PJ2VjS816PoPIGkZJnAfKwY8E1p6ddpzjapio=
github.com/gissleh/litxap v1.7.1/go.mod h1:MQm+GZW5MQSxjfKu4ad/62e/W08rL3whmRQFVXlTioY=
github.com/gissleh/litxap v1.7.2 h1:mdVlKrCX6CCAxnmE/tB58movSTVQP8iphU+aQnHgkQA=
github.com/gissleh/litxap v1.7.2/go.mod h1:MQm+GZW5MQSxjfKu4ad/62e/W08rL3whmRQFVXlTioY=
github.com/gissleh/litxap-fwew v0.0.0-20250815125607-8b87ab613a4b h1:8llMxdvXRrtWiSQMrp1CSf+89cOgDQw2a8gAFmb1l1k=
github.com/gissleh/litxap-fwew v0.0.0-20250815125607-8b87ab613a4b/go.mod h1:T3w9Q6rfRZr1ti7WZlyQL0fHk3JxTaqs+6zWWvzsK90=
github.com/gissleh/litxap-fwew v1.7.1-fwew5.25.5 h1:R1Py8UDIKIwMbBFYqe4lBZyqLtEU9jhCsZrO2Cu5nTo=
github.com/gissleh/litxap-fwew v1.7.1-fwew5.25.5/go.mod h1:YBW538fiFxdxuVmylm/X05kWe3KOtumKiPCeNLsRJkM=
github.com/gissleh/litxap-fwew v1.7.2-fwew5.25.5 h1:njBpO1rsV+nhQV0oqSPbvH1svyGepMRnwnunqPUvfOQ=
github.com/gissleh/litxap-fwew v1.7.2-fwew5.25.5/go.mod h1:Auy67R3ke4xoIQGd55Jr9z7k3lkDqeKKm/5++aI/byw=
github.com/go-sql-driver/mysql v1.8.1 h1:LedoTUt/eveggdHS9qUFC1EFSa8bU2+1pZjSRpvNJ1Y=
github.com/go-sql-driver/mysql v1.8.1/go.mod h1:wEBSXgmK//2ZFJyE+qWnIsVGmvmEKlqwuVSjsCm7DZg=
github.com/go-sql-driver/mysql v1.9.3 h1:U/N249h2WzJ3Ukj8SowVFjdtZKfu9vlLZxjPXV1aweo=
github.com/go-sql-driver/mysql v1.9.3/go.mod h1:qn46aNg1333BRMNU69Lq93t8du/dwxI64Gl8i5p1WMU=
github.com/pmezard/go-difflib v1.0.0 h1:4DBwDE0NGyQoBHbLQYPwSUPoCMWR5BEzIk/f1lZbAQM=
github.com/pmezard/go-difflib v1.0.0/go.mod h1:iKH77koFhYxTK1pcRnkKkqfTogsbg7gZNVY4sRDYZ/4=
github.com/stretchr/testify v1.10.0 h1:Xv5erBjTwe/5IxqUQTdXv5kgmIvbHo3QQyRwhJsOfJA=
github.com/stretchr/testify v1.10.0/go.mod h1:r2ic/lqez/lEtzL7wO/rwa5dbSLXVDPFyf8C91i36aY=
gopkg.in/check.v1 v0.0.0-20161208181325-20d25e280405 h1:yhCVgyC4o1eVCa2tZl7eS0r+SDo693bJlVdllGtEeKM=
gopkg.in/check.v1 v0.0.0-20161208181325-20d25e280405/go.mod h1:Co6ibVJAznAaIkqp8huTwlJQCZ016jof/cbN4VW5Yz0=
gopkg.in/yaml.v3 v3.0.1 h1:fxVm/GzAzEWqLHuvctI91KS9hhNmmWOoWu0XTYJS7CA=
gopkg.in/yaml.v3 v3.0.1/go.mod h1:K4uyk7z7BCEPqu6E+C64Yfv1cQ7kz7rIZviUmN+EgEM=
