filippo.io/edwards25519 v1.1.0 h1:FNf4tywRC1HmFuKW5xopWpigGjJKiJSV0Cqo0cJWDaA=
filippo.io/edwards25519 v1.1.0/go.mod h1:BxyFTGdWcka3PhytdK4V28tE5sGfRvvvRV7EaN4VDT4=
github.com/davecgh/go-spew v1.1.1 h1:vj9j/u1bqnvCEfJOwUhtlOARqs3+rkHYY13jYWTU97c=
github.com/davecgh/go-spew v1.1.1/go.mod h1:J7Y8YcW2NihsgmVo/mv3lAwl/skON4iLHjSsI+c5H38=
github.com/fwew/fwew-lib/v5 v5.27.2 h1:URdP/Ufq7j2vAPETy0f9Sp55jLSuq31TCiZBTV4qI3U=
github.com/fwew/fwew-lib/v5 v5.27.2/go.mod h1:L6z1myjiD9F2M25GgrXaOIfCn+1FsywG1W3AhZt+bOg=
github.com/gissleh/litxap v1.13.0 h1:cb7j5jmRF/Wnwlqo5b+pWD5dq5wFqYvN9KlG/BOwgM8=
github.com/gissleh/litxap v1.13.0/go.mod h1:0fGiI9bqwFbBEs17QNWLRp4orydx+os2E1hHmtspszw=
github.com/gissleh/litxap v1.13.1 h1:iIskrAVlSx+2Sr4wmeD8N7mz4DpTR9d8u3mi+jBk+gs=
github.com/gissleh/litxap v1.13.1/go.mod h1:0fGiI9bqwFbBEs17QNWLRp4orydx+os2E1hHmtspszw=
github.com/gissleh/litxap-fwew v1.13.0-fwewv5.27.2 h1:ewdC+HU3+gs0i4kB8LPfSTgN+fLX0fZjxfiUqLa9Qu4=
github.com/gissleh/litxap-fwew v1.13.0-fwewv5.27.2/go.mod h1:Y7kSK3viNn820NeyBR4BdfW9N1Kz3I3wHWwGhMyr/TY=
github.com/gissleh/litxap-fwew v1.13.1-fwewv5.27.2 h1:uaeCVZydR+kdNIB63vGiRsJXPnwxVEIbKUv2kN28dMw=
github.com/gissleh/litxap-fwew v1.13.1-fwewv5.27.2/go.mod h1:12a71IwK4iZTyrsuiYyJeA8b5/grA9q9eBM6ieOm/o0=
github.com/go-sql-driver/mysql v1.9.3 h1:U/N249h2WzJ3Ukj8SowVFjdtZKfu9vlLZxjPXV1aweo=
github.com/go-sql-driver/mysql v1.9.3/go.mod h1:qn46aNg1333BRMNU69Lq93t8du/dwxI64Gl8i5p1WMU=
github.com/pmezard/go-difflib v1.0.0 h1:4DBwDE0NGyQoBHbLQYPwSUPoCMWR5BEzIk/f1lZbAQM=
github.com/pmezard/go-difflib v1.0.0/go.mod h1:iKH77koFhYxTK1pcRnkKkqfTogsbg7gZNVY4sRDYZ/4=
github.com/stretchr/testify v1.10.0 h1:Xv5erBjTwe/5IxqUQTdXv5kgmIvbHo3QQyRwhJsOfJA=
github.com/stretchr/testify v1.10.0/go.mod h1:r2ic/lqez/lEtzL7wO/rwa5dbSLXVDPFyf8C91i36aY=
gopkg.in/yaml.v3 v3.0.1 h1:fxVm/GzAzEWqLHuvctI91KS9hhNmmWOoWu0XTYJS7CA=
gopkg.in/yaml.v3 v3.0.1/go.mod h1:K4uyk7z7BCEPqu6E+C64Yfv1cQ7kz7rIZviUmN+EgEM=
